github.com/gorilla/mux v1.7.0/go.mod h1:1lud6UwP+6orDFRuTfBEV8e9/aOM/c4fVVCaMa2zaAs=
github.com/gorilla/mux v1.7.3 h1:gnP5JzjVOuiZD07fKKToCAOjS0yOpj/qPETTXCCS6hw=
github.com/gorilla/mux v1.7.3/go.mod h1:1lud6UwP+6orDFRuTfBEV8e9/aOM/c4fVVCaMa2zaAs=
github.com/namsral/flag v1.7.4-pre h1:b2ScHhoCUkbsq0d2C15Mv+VU8bl8hAXV8arnWiOHNZs=
github.com/namsral/flag v1.7.4-pre/go.mod h1:OXldTctbM6SWH1K899kPZcf65KxJiD7MsceFUpB5yDo=
github.com/newrelic/go-agent v3.0.0+incompatible h1:OVbR4jHZfsqK50qz08yi2hxPvESVbZ7uhPbfihytcWE=
github.com/newrelic/go-agent/v3 v3.0.0-20191211190617-d01b4de3d68e h1:2OLOH0YuoTqKiHbm4pKyIRPOgWd7oDKCOcS3fcrifhM=
github.com/newrelic/go-agent/v3 v3.0.0-20191211190617-d01b4de3d68e/go.mod h1:H28zDNUC0U/b7kLoY4EFOhuth10Xu/9dchozUiOseQQ=
github.com/newrelic/go-agent/v3 v3.0.0 h1:YK9ddXLcMoWr/Bqj30T+cQo1wniFVR5SS/mVuVTGKS8=
github.com/newrelic/go-agent/v3 v3.0.0/go.mod h1:H28zDNUC0U/b7kLoY4EFOhuth10Xu/9dchozUiOseQQ=
github.com/newrelic/go-agent/v3/integrations/nrgorilla v1.0.0 h1:PI4E7ZAs5TQqNy7kEMEtqjXmbJ93ztxhT2qLkAEcNtE=
github.com/newrelic/go-agent/v3/integrations/nrgorilla v1.0.0/go.mod h1:1XnCVdRSKjS5ikMycFh7VKXBkk0oYPaKQb+sd6aSCoA=
